// !$*UTF8*$!
{
	archiveVersion = 1;
	classes = {
	};
	objectVersion = 77;
	objects = {

/* Begin PBXBuildFile section */
		AD0000000000000000000001 /* AgentDeskCore in Frameworks */ = {isa = PBXBuildFile; productRef = AD0000000000000000000011 /* AgentDeskCore */; };
		AD0000000000000000000002 /* AgentDeskDesign in Frameworks */ = {isa = PBXBuildFile; productRef = AD0000000000000000000012 /* AgentDeskDesign */; };
		AD0000000000000000000003 /* AgentDeskCore in Frameworks */ = {isa = PBXBuildFile; productRef = AD0000000000000000000013 /* AgentDeskCore */; };
		AD0000000000000000000004 /* AgentDeskPersistence in Frameworks */ = {isa = PBXBuildFile; productRef = AD0000000000000000000014 /* AgentDeskPersistence */; };
		AD0000000000000000000005 /* AgentDeskPersistence in Frameworks */ = {isa = PBXBuildFile; productRef = AD0000000000000000000015 /* AgentDeskPersistence */; };
		AD0000000000000000000006 /* AgentDeskSecurity in Frameworks */ = {isa = PBXBuildFile; productRef = AD0000000000000000000016 /* AgentDeskSecurity */; };
		AD0000000000000000000007 /* AgentDeskSecurity in Frameworks */ = {isa = PBXBuildFile; productRef = AD0000000000000000000017 /* AgentDeskSecurity */; };
/* End PBXBuildFile section */

/* Begin PBXContainerItemProxy section */
		C514A9243051AAE2006A58EA /* PBXContainerItemProxy */ = {
			isa = PBXContainerItemProxy;
			containerPortal = C514A90E3051AAE0006A58EA /* Project object */;
			proxyType = 1;
			remoteGlobalIDString = C514A9153051AAE0006A58EA;
			remoteInfo = AgentDesk;
		};
		C514A92E3051AAE2006A58EA /* PBXContainerItemProxy */ = {
			isa = PBXContainerItemProxy;
			containerPortal = C514A90E3051AAE0006A58EA /* Project object */;
			proxyType = 1;
			remoteGlobalIDString = C514A9153051AAE0006A58EA;
			remoteInfo = AgentDesk;
		};
/* End PBXContainerItemProxy section */

/* Begin PBXFileReference section */
		C514A9163051AAE0006A58EA /* AgentDesk.app */ = {isa = PBXFileReference; explicitFileType = wrapper.application; includeInIndex = 0; path = AgentDesk.app; sourceTree = BUILT_PRODUCTS_DIR; };
		C514A9233051AAE2006A58EA /* AgentDeskTests.xctest */ = {isa = PBXFileReference; explicitFileType = wrapper.cfbundle; includeInIndex = 0; path = AgentDeskTests.xctest; sourceTree = BUILT_PRODUCTS_DIR; };
		C514A92D3051AAE2006A58EA /* AgentDeskUITests.xctest */ = {isa = PBXFileReference; explicitFileType = wrapper.cfbundle; includeInIndex = 0; path = AgentDeskUITests.xctest; sourceTree = BUILT_PRODUCTS_DIR; };
/* End PBXFileReference section */

/* Begin PBXFileSystemSynchronizedRootGroup section */
		AD0000000000000000000031 /* CoreTests */ = {
			isa = PBXFileSystemSynchronizedRootGroup;
			name = CoreTests;
			path = Packages/AgentDeskCore/Tests/AgentDeskCoreTests;
			sourceTree = "<group>";
		};
		AD0000000000000000000032 /* PersistenceTests */ = {
			isa = PBXFileSystemSynchronizedRootGroup;
			name = PersistenceTests;
			path = Packages/AgentDeskPersistence/Tests/AgentDeskPersistenceTests;
			sourceTree = "<group>";
		};
		C514A9183051AAE0006A58EA /* AgentDesk */ = {
			isa = PBXFileSystemSynchronizedRootGroup;
			path = AgentDesk;
			sourceTree = "<group>";
		};
		C514A9263051AAE2006A58EA /* AgentDeskTests */ = {
			isa = PBXFileSystemSynchronizedRootGroup;
			path = AgentDeskTests;
			sourceTree = "<group>";
		};
		C514A9303051AAE2006A58EA /* AgentDeskUITests */ = {
			isa = PBXFileSystemSynchronizedRootGroup;
			path = AgentDeskUITests;
			sourceTree = "<group>";
		};
		AD0000000000000000000033 /* SecurityTests */ = {
			isa = PBXFileSystemSynchronizedRootGroup;
			name = SecurityTests;
			path = Packages/AgentDeskSecurity/Tests/AgentDeskSecurityTests;
			sourceTree = "<group>";
		};
/* End PBXFileSystemSynchronizedRootGroup section */

/* Begin PBXFrameworksBuildPhase section */
		C514A9133051AAE0006A58EA /* Frameworks */ = {
			isa = PBXFrameworksBuildPhase;
			buildActionMask = 2147483647;
			files = (
				AD0000000000000000000001 /* AgentDeskCore in Frameworks */,
				AD0000000000000000000002 /* AgentDeskDesign in Frameworks */,
				AD0000000000000000000004 /* AgentDeskPersistence in Frameworks */,
				AD0000000000000000000006 /* AgentDeskSecurity in Frameworks */,
			);
			runOnlyForDeploymentPostprocessing = 0;
		};
		C514A9203051AAE2006A58EA /* Frameworks */ = {
			isa = PBXFrameworksBuildPhase;
			buildActionMask = 2147483647;
			files = (
				AD0000000000000000000003 /* AgentDeskCore in Frameworks */,
				AD0000000000000000000005 /* AgentDeskPersistence in Frameworks */,
				AD0000000000000000000007 /* AgentDeskSecurity in Frameworks */,
			);
			runOnlyForDeploymentPostprocessing = 0;
		};
		C514A92A3051AAE2006A58EA /* Frameworks */ = {
			isa = PBXFrameworksBuildPhase;
			buildActionMask = 2147483647;
			files = (
			);
			runOnlyForDeploymentPostprocessing = 0;
		};
/* End PBXFrameworksBuildPhase section */

/* Begin PBXGroup section */
		C514A90D3051AAE0006A58EA = {
			isa = PBXGroup;
			children = (
				C514A9183051AAE0006A58EA /* AgentDesk */,
				C514A9263051AAE2006A58EA /* AgentDeskTests */,
				C514A9303051AAE2006A58EA /* AgentDeskUITests */,
				AD0000000000000000000031 /* CoreTests */,
				AD0000000000000000000032 /* PersistenceTests */,
				AD0000000000000000000033 /* SecurityTests */,
				C514A9173051AAE0006A58EA /* Products */,
			);
			sourceTree = "<group>";
		};
		C514A9173051AAE0006A58EA /* Products */ = {
			isa = PBXGroup;
			children = (
				C514A9163051AAE0006A58EA /* AgentDesk.app */,
				C514A9233051AAE2006A58EA /* AgentDeskTests.xctest */,
				C514A92D3051AAE2006A58EA /* AgentDeskUITests.xctest */,
			);
			name = Products;
			sourceTree = "<group>";
		};
/* End PBXGroup section */

/* Begin PBXNativeTarget section */
		C514A9153051AAE0006A58EA /* AgentDesk */ = {
			isa = PBXNativeTarget;
			buildConfigurationList = C514A9373051AAE2006A58EA /* Build configuration list for PBXNativeTarget "AgentDesk" */;
			buildPhases = (
				C514A9123051AAE0006A58EA /* Sources */,
				C514A9133051AAE0006A58EA /* Frameworks */,
				C514A9143051AAE0006A58EA /* Resources */,
			);
			buildRules = (
			);
			dependencies = (
			);
			fileSystemSynchronizedGroups = (
				C514A9183051AAE0006A58EA /* AgentDesk */,
			);
			name = AgentDesk;
			packageProductDependencies = (
				AD0000000000000000000011 /* AgentDeskCore */,
				AD0000000000000000000012 /* AgentDeskDesign */,
				AD0000000000000000000014 /* AgentDeskPersistence */,
				AD0000000000000000000016 /* AgentDeskSecurity */,
			);
			productName = AgentDesk;
			productReference = C514A9163051AAE0006A58EA /* AgentDesk.app */;
			productType = "com.apple.product-type.application";
		};
		C514A9223051AAE2006A58EA /* AgentDeskTests */ = {
			isa = PBXNativeTarget;
			buildConfigurationList = C514A93A3051AAE2006A58EA /* Build configuration list for PBXNativeTarget "AgentDeskTests" */;
			buildPhases = (
				C514A91F3051AAE2006A58EA /* Sources */,
				C514A9203051AAE2006A58EA /* Frameworks */,
				C514A9213051AAE2006A58EA /* Resources */,
			);
			buildRules = (
			);
			dependencies = (
				C514A9253051AAE2006A58EA /* PBXTargetDependency */,
			);
			fileSystemSynchronizedGroups = (
				AD0000000000000000000031 /* CoreTests */,
				AD0000000000000000000032 /* PersistenceTests */,
				AD0000000000000000000033 /* SecurityTests */,
				C514A9263051AAE2006A58EA /* AgentDeskTests */,
			);
			name = AgentDeskTests;
			packageProductDependencies = (
				AD0000000000000000000013 /* AgentDeskCore */,
				AD0000000000000000000015 /* AgentDeskPersistence */,
				AD0000000000000000000017 /* AgentDeskSecurity */,
			);
			productName = AgentDeskTests;
			productReference = C514A9233051AAE2006A58EA /* AgentDeskTests.xctest */;
			productType = "com.apple.product-type.bundle.unit-test";
		};
		C514A92C3051AAE2006A58EA /* AgentDeskUITests */ = {
			isa = PBXNativeTarget;
			buildConfigurationList = C514A93D3051AAE2006A58EA /* Build configuration list for PBXNativeTarget "AgentDeskUITests" */;
			buildPhases = (
				C514A9293051AAE2006A58EA /* Sources */,
				C514A92A3051AAE2006A58EA /* Frameworks */,
				C514A92B3051AAE2006A58EA /* Resources */,
			);
			buildRules = (
			);
			dependencies = (
				C514A92F3051AAE2006A58EA /* PBXTargetDependency */,
			);
			fileSystemSynchronizedGroups = (
				C514A9303051AAE2006A58EA /* AgentDeskUITests */,
			);
			name = AgentDeskUITests;
			packageProductDependencies = (
			);
			productName = AgentDeskUITests;
			productReference = C514A92D3051AAE2006A58EA /* AgentDeskUITests.xctest */;
			productType = "com.apple.product-type.bundle.ui-testing";
		};
/* End PBXNativeTarget section */

/* Begin PBXProject section */
		C514A90E3051AAE0006A58EA /* Project object */ = {
			isa = PBXProject;
			attributes = {
				BuildIndependentTargetsInParallel = 1;
				LastSwiftUpdateCheck = 2600;
				LastUpgradeCheck = 2600;
				TargetAttributes = {
					C514A9153051AAE0006A58EA = {
						CreatedOnToolsVersion = 26.0;
					};
					C514A9223051AAE2006A58EA = {
						CreatedOnToolsVersion = 26.0;
						TestTargetID = C514A9153051AAE0006A58EA;
					};
					C514A92C3051AAE2006A58EA = {
						CreatedOnToolsVersion = 26.0;
						TestTargetID = C514A9153051AAE0006A58EA;
					};
				};
			};
			buildConfigurationList = C514A9113051AAE0006A58EA /* Build configuration list for PBXProject "AgentDesk" */;
			developmentRegion = en;
			hasScannedForEncodings = 0;
			knownRegions = (
				en,
				Base,
			);
			mainGroup = C514A90D3051AAE0006A58EA;
			minimizedProjectReferenceProxies = 1;
			packageReferences = (
				AD0000000000000000000021 /* XCLocalSwiftPackageReference "Packages/AgentDeskCore" */,
				AD0000000000000000000022 /* XCLocalSwiftPackageReference "Packages/AgentDeskDesign" */,
				AD0000000000000000000023 /* XCLocalSwiftPackageReference "Packages/AgentDeskPersistence" */,
				AD0000000000000000000024 /* XCLocalSwiftPackageReference "Packages/AgentDeskSecurity" */,
			);
			preferredProjectObjectVersion = 77;
			productRefGroup = C514A9173051AAE0006A58EA /* Products */;
			projectDirPath = "";
			projectRoot = "";
			targets = (
				C514A9153051AAE0006A58EA /* AgentDesk */,
				C514A9223051AAE2006A58EA /* AgentDeskTests */,
				C514A92C3051AAE2006A58EA /* AgentDeskUITests */,
			);
		};
/* End PBXProject section */

/* Begin PBXResourcesBuildPhase section */
		C514A9143051AAE0006A58EA /* Resources */ = {
			isa = PBXResourcesBuildPhase;
			buildActionMask = 2147483647;
			files = (
			);
			runOnlyForDeploymentPostprocessing = 0;
		};
		C514A9213051AAE2006A58EA /* Resources */ = {
			isa = PBXResourcesBuildPhase;
			buildActionMask = 2147483647;
			files = (
			);
			runOnlyForDeploymentPostprocessing = 0;
		};
		C514A92B3051AAE2006A58EA /* Resources */ = {
			isa = PBXResourcesBuildPhase;
			buildActionMask = 2147483647;
			files = (
			);
			runOnlyForDeploymentPostprocessing = 0;
		};
/* End PBXResourcesBuildPhase section */

/* Begin PBXSourcesBuildPhase section */
		C514A9123051AAE0006A58EA /* Sources */ = {
			isa = PBXSourcesBuildPhase;
			buildActionMask = 2147483647;
			files = (
			);
			runOnlyForDeploymentPostprocessing = 0;
		};
		C514A91F3051AAE2006A58EA /* Sources */ = {
			isa = PBXSourcesBuildPhase;
			buildActionMask = 2147483647;
			files = (
			);
			runOnlyForDeploymentPostprocessing = 0;
		};
		C514A9293051AAE2006A58EA /* Sources */ = {
			isa = PBXSourcesBuildPhase;
			buildActionMask = 2147483647;
			files = (
			);
			runOnlyForDeploymentPostprocessing = 0;
		};
/* End PBXSourcesBuildPhase section */

/* Begin PBXTargetDependency section */
		C514A9253051AAE2006A58EA /* PBXTargetDependency */ = {
			isa = PBXTargetDependency;
			target = C514A9153051AAE0006A58EA /* AgentDesk */;
			targetProxy = C514A9243051AAE2006A58EA /* PBXContainerItemProxy */;
		};
		C514A92F3051AAE2006A58EA /* PBXTargetDependency */ = {
			isa = PBXTargetDependency;
			target = C514A9153051AAE0006A58EA /* AgentDesk */;
			targetProxy = C514A92E3051AAE2006A58EA /* PBXContainerItemProxy */;
		};
/* End PBXTargetDependency section */

/* Begin XCBuildConfiguration section */
		C514A9353051AAE2006A58EA /* Debug */ = {
			isa = XCBuildConfiguration;
			buildSettings = {
				ALWAYS_SEARCH_USER_PATHS = NO;
				ASSETCATALOG_COMPILER_GENERATE_SWIFT_ASSET_SYMBOL_EXTENSIONS = YES;
				CLANG_ANALYZER_NONNULL = YES;
				CLANG_ANALYZER_NUMBER_OBJECT_CONVERSION = YES_AGGRESSIVE;
				CLANG_CXX_LANGUAGE_STANDARD = "gnu++20";
				CLANG_ENABLE_MODULES = YES;
				CLANG_ENABLE_OBJC_ARC = YES;
				CLANG_ENABLE_OBJC_WEAK = YES;
				CLANG_WARN_BLOCK_CAPTURE_AUTORELEASING = YES;
				CLANG_WARN_BOOL_CONVERSION = YES;
				CLANG_WARN_COMMA = YES;
				CLANG_WARN_CONSTANT_CONVERSION = YES;
				CLANG_WARN_DEPRECATED_OBJC_IMPLEMENTATIONS = YES;
				CLANG_WARN_DIRECT_OBJC_ISA_USAGE = YES_ERROR;
				CLANG_WARN_DOCUMENTATION_COMMENTS = YES;
				CLANG_WARN_EMPTY_BODY = YES;
				CLANG_WARN_ENUM_CONVERSION = YES;
				CLANG_WARN_INFINITE_RECURSION = YES;
				CLANG_WARN_INT_CONVERSION = YES;
				CLANG_WARN_NON_LITERAL_NULL_CONVERSION = YES;
				CLANG_WARN_OBJC_IMPLICIT_RETAIN_SELF = YES;
				CLANG_WARN_OBJC_LITERAL_CONVERSION = YES;
				CLANG_WARN_OBJC_ROOT_CLASS = YES_ERROR;
				CLANG_WARN_QUOTED_INCLUDE_IN_FRAMEWORK_HEADER = YES;
				CLANG_WARN_RANGE_LOOP_ANALYSIS = YES;
				CLANG_WARN_STRICT_PROTOTYPES = YES;
				CLANG_WARN_SUSPICIOUS_MOVE = YES;
				CLANG_WARN_UNGUARDED_AVAILABILITY = YES_AGGRESSIVE;
				CLANG_WARN_UNREACHABLE_CODE = YES;
				CLANG_WARN__DUPLICATE_METHOD_MATCH = YES;
				COPY_PHASE_STRIP = NO;
				DEBUG_INFORMATION_FORMAT = dwarf;
				DEVELOPMENT_TEAM = 3R9673A8NL;
				ENABLE_STRICT_OBJC_MSGSEND = YES;
				ENABLE_TESTABILITY = YES;
				ENABLE_USER_SCRIPT_SANDBOXING = YES;
				GCC_C_LANGUAGE_STANDARD = gnu17;
				GCC_DYNAMIC_NO_PIC = NO;
				GCC_NO_COMMON_BLOCKS = YES;
				GCC_OPTIMIZATION_LEVEL = 0;
				GCC_PREPROCESSOR_DEFINITIONS = (
					"DEBUG=1",
					"$(inherited)",
				);
				GCC_WARN_64_TO_32_BIT_CONVERSION = YES;
				GCC_WARN_ABOUT_RETURN_TYPE = YES_ERROR;
				GCC_WARN_UNDECLARED_SELECTOR = YES;
				GCC_WARN_UNINITIALIZED_AUTOS = YES_AGGRESSIVE;
				GCC_WARN_UNUSED_FUNCTION = YES;
				GCC_WARN_UNUSED_VARIABLE = YES;
				LOCALIZATION_PREFERS_STRING_CATALOGS = YES;
				MTL_ENABLE_DEBUG_INFO = INCLUDE_SOURCE;
				MTL_FAST_MATH = YES;
				ONLY_ACTIVE_ARCH = YES;
				SWIFT_ACTIVE_COMPILATION_CONDITIONS = "DEBUG $(inherited)";
				SWIFT_OPTIMIZATION_LEVEL = "-Onone";
			};
			name = Debug;
		};
		C514A9363051AAE2006A58EA /* Release */ = {
			isa = XCBuildConfiguration;
			buildSettings = {
				ALWAYS_SEARCH_USER_PATHS = NO;
				ASSETCATALOG_COMPILER_GENERATE_SWIFT_ASSET_SYMBOL_EXTENSIONS = YES;
				CLANG_ANALYZER_NONNULL = YES;
				CLANG_ANALYZER_NUMBER_OBJECT_CONVERSION = YES_AGGRESSIVE;
				CLANG_CXX_LANGUAGE_STANDARD = "gnu++20";
				CLANG_ENABLE_MODULES = YES;
				CLANG_ENABLE_OBJC_ARC = YES;
				CLANG_ENABLE_OBJC_WEAK = YES;
				CLANG_WARN_BLOCK_CAPTURE_AUTORELEASING = YES;
				CLANG_WARN_BOOL_CONVERSION = YES;
				CLANG_WARN_COMMA = YES;
				CLANG_WARN_CONSTANT_CONVERSION = YES;
				CLANG_WARN_DEPRECATED_OBJC_IMPLEMENTATIONS = YES;
				CLANG_WARN_DIRECT_OBJC_ISA_USAGE = YES_ERROR;
				CLANG_WARN_DOCUMENTATION_COMMENTS = YES;
				CLANG_WARN_EMPTY_BODY = YES;
				CLANG_WARN_ENUM_CONVERSION = YES;
				CLANG_WARN_INFINITE_RECURSION = YES;
				CLANG_WARN_INT_CONVERSION = YES;
				CLANG_WARN_NON_LITERAL_NULL_CONVERSION = YES;
				CLANG_WARN_OBJC_IMPLICIT_RETAIN_SELF = YES;
				CLANG_WARN_OBJC_LITERAL_CONVERSION = YES;
				CLANG_WARN_OBJC_ROOT_CLASS = YES_ERROR;
				CLANG_WARN_QUOTED_INCLUDE_IN_FRAMEWORK_HEADER = YES;
				CLANG_WARN_RANGE_LOOP_ANALYSIS = YES;
				CLANG_WARN_STRICT_PROTOTYPES = YES;
				CLANG_WARN_SUSPICIOUS_MOVE = YES;
				CLANG_WARN_UNGUARDED_AVAILABILITY = YES_AGGRESSIVE;
				CLANG_WARN_UNREACHABLE_CODE = YES;
				CLANG_WARN__DUPLICATE_METHOD_MATCH = YES;
				COPY_PHASE_STRIP = NO;
				DEBUG_INFORMATION_FORMAT = "dwarf-with-dsym";
				DEVELOPMENT_TEAM = 3R9673A8NL;
				ENABLE_NS_ASSERTIONS = NO;
				ENABLE_STRICT_OBJC_MSGSEND = YES;
				ENABLE_USER_SCRIPT_SANDBOXING = YES;
				GCC_C_LANGUAGE_STANDARD = gnu17;
				GCC_NO_COMMON_BLOCKS = YES;
				GCC_WARN_64_TO_32_BIT_CONVERSION = YES;
				GCC_WARN_ABOUT_RETURN_TYPE = YES_ERROR;
				GCC_WARN_UNDECLARED_SELECTOR = YES;
				GCC_WARN_UNINITIALIZED_AUTOS = YES_AGGRESSIVE;
				GCC_WARN_UNUSED_FUNCTION = YES;
				GCC_WARN_UNUSED_VARIABLE = YES;
				LOCALIZATION_PREFERS_STRING_CATALOGS = YES;
				MTL_ENABLE_DEBUG_INFO = NO;
				MTL_FAST_MATH = YES;
				SWIFT_COMPILATION_MODE = wholemodule;
			};
			name = Release;
		};
		C514A9383051AAE2006A58EA /* Debug */ = {
			isa = XCBuildConfiguration;
			buildSettings = {
				ASSETCATALOG_COMPILER_APPICON_NAME = AppIcon;
				ASSETCATALOG_COMPILER_GLOBAL_ACCENT_COLOR_NAME = AccentColor;
				CODE_SIGN_STYLE = Automatic;
				CURRENT_PROJECT_VERSION = 1;
				DEVELOPMENT_TEAM = 3R9673A8NL;
				ENABLE_APP_SANDBOX = YES;
				ENABLE_HARDENED_RUNTIME = YES;
				ENABLE_PREVIEWS = YES;
				ENABLE_USER_SELECTED_FILES = readonly;
				GENERATE_INFOPLIST_FILE = YES;
				"INFOPLIST_KEY_UIApplicationSceneManifest_Generation[sdk=iphoneos*]" = YES;
				"INFOPLIST_KEY_UIApplicationSceneManifest_Generation[sdk=iphonesimulator*]" = YES;
				"INFOPLIST_KEY_UIApplicationSupportsIndirectInputEvents[sdk=iphoneos*]" = YES;
				"INFOPLIST_KEY_UIApplicationSupportsIndirectInputEvents[sdk=iphonesimulator*]" = YES;
				"INFOPLIST_KEY_UILaunchScreen_Generation[sdk=iphoneos*]" = YES;
				"INFOPLIST_KEY_UILaunchScreen_Generation[sdk=iphonesimulator*]" = YES;
				"INFOPLIST_KEY_UIStatusBarStyle[sdk=iphoneos*]" = UIStatusBarStyleDefault;
				"INFOPLIST_KEY_UIStatusBarStyle[sdk=iphonesimulator*]" = UIStatusBarStyleDefault;
				INFOPLIST_KEY_UISupportedInterfaceOrientations_iPad = "UIInterfaceOrientationPortrait UIInterfaceOrientationPortraitUpsideDown UIInterfaceOrientationLandscapeLeft UIInterfaceOrientationLandscapeRight";
				INFOPLIST_KEY_UISupportedInterfaceOrientations_iPhone = "UIInterfaceOrientationPortrait UIInterfaceOrientationLandscapeLeft UIInterfaceOrientationLandscapeRight";
				IPHONEOS_DEPLOYMENT_TARGET = 18.0;
				LD_RUNPATH_SEARCH_PATHS = "@executable_path/Frameworks";
				"LD_RUNPATH_SEARCH_PATHS[sdk=macosx*]" = "@executable_path/../Frameworks";
				MACOSX_DEPLOYMENT_TARGET = 15.0;
				MARKETING_VERSION = 1.0;
				PRODUCT_BUNDLE_IDENTIFIER = com.mirza.AgentDesk;
				"CODE_SIGN_ENTITLEMENTS[sdk=macosx*]" = "AgentDesk/AgentDesk-macOS.entitlements";
				PRODUCT_NAME = "$(TARGET_NAME)";
				REGISTER_APP_GROUPS = YES;
				SDKROOT = auto;
				STRING_CATALOG_GENERATE_SYMBOLS = YES;
				SUPPORTED_PLATFORMS = "iphoneos iphonesimulator macosx";
				SWIFT_APPROACHABLE_CONCURRENCY = YES;
				SWIFT_DEFAULT_ACTOR_ISOLATION = MainActor;
				SWIFT_EMIT_LOC_STRINGS = YES;
				SWIFT_UPCOMING_FEATURE_MEMBER_IMPORT_VISIBILITY = YES;
				SWIFT_VERSION = 6.0;
				TARGETED_DEVICE_FAMILY = 1;
			};
			name = Debug;
		};
		C514A9393051AAE2006A58EA /* Release */ = {
			isa = XCBuildConfiguration;
			buildSettings = {
				ASSETCATALOG_COMPILER_APPICON_NAME = AppIcon;
				ASSETCATALOG_COMPILER_GLOBAL_ACCENT_COLOR_NAME = AccentColor;
				CODE_SIGN_STYLE = Automatic;
				CURRENT_PROJECT_VERSION = 1;
				DEVELOPMENT_TEAM = 3R9673A8NL;
				ENABLE_APP_SANDBOX = YES;
				ENABLE_HARDENED_RUNTIME = YES;
				ENABLE_PREVIEWS = YES;
				ENABLE_USER_SELECTED_FILES = readonly;
				GENERATE_INFOPLIST_FILE = YES;
				"INFOPLIST_KEY_UIApplicationSceneManifest_Generation[sdk=iphoneos*]" = YES;
				"INFOPLIST_KEY_UIApplicationSceneManifest_Generation[sdk=iphonesimulator*]" = YES;
				"INFOPLIST_KEY_UIApplicationSupportsIndirectInputEvents[sdk=iphoneos*]" = YES;
				"INFOPLIST_KEY_UIApplicationSupportsIndirectInputEvents[sdk=iphonesimulator*]" = YES;
				"INFOPLIST_KEY_UILaunchScreen_Generation[sdk=iphoneos*]" = YES;
				"INFOPLIST_KEY_UILaunchScreen_Generation[sdk=iphonesimulator*]" = YES;
				"INFOPLIST_KEY_UIStatusBarStyle[sdk=iphoneos*]" = UIStatusBarStyleDefault;
				"INFOPLIST_KEY_UIStatusBarStyle[sdk=iphonesimulator*]" = UIStatusBarStyleDefault;
				INFOPLIST_KEY_UISupportedInterfaceOrientations_iPad = "UIInterfaceOrientationPortrait UIInterfaceOrientationPortraitUpsideDown UIInterfaceOrientationLandscapeLeft UIInterfaceOrientationLandscapeRight";
				INFOPLIST_KEY_UISupportedInterfaceOrientations_iPhone = "UIInterfaceOrientationPortrait UIInterfaceOrientationLandscapeLeft UIInterfaceOrientationLandscapeRight";
				IPHONEOS_DEPLOYMENT_TARGET = 18.0;
				LD_RUNPATH_SEARCH_PATHS = "@executable_path/Frameworks";
				"LD_RUNPATH_SEARCH_PATHS[sdk=macosx*]" = "@executable_path/../Frameworks";
				MACOSX_DEPLOYMENT_TARGET = 15.0;
				MARKETING_VERSION = 1.0;
				PRODUCT_BUNDLE_IDENTIFIER = com.mirza.AgentDesk;
				"CODE_SIGN_ENTITLEMENTS[sdk=macosx*]" = "AgentDesk/AgentDesk-macOS.entitlements";
				PRODUCT_NAME = "$(TARGET_NAME)";
				REGISTER_APP_GROUPS = YES;
				SDKROOT = auto;
				STRING_CATALOG_GENERATE_SYMBOLS = YES;
				SUPPORTED_PLATFORMS = "iphoneos iphonesimulator macosx";
				SWIFT_APPROACHABLE_CONCURRENCY = YES;
				SWIFT_DEFAULT_ACTOR_ISOLATION = MainActor;
				SWIFT_EMIT_LOC_STRINGS = YES;
				SWIFT_UPCOMING_FEATURE_MEMBER_IMPORT_VISIBILITY = YES;
				SWIFT_VERSION = 6.0;
				TARGETED_DEVICE_FAMILY = 1;
			};
			name = Release;
		};
		C514A93B3051AAE2006A58EA /* Debug */ = {
			isa = XCBuildConfiguration;
			buildSettings = {
				BUNDLE_LOADER = "$(TEST_HOST)";
				CODE_SIGN_STYLE = Automatic;
				CURRENT_PROJECT_VERSION = 1;
				DEVELOPMENT_TEAM = 3R9673A8NL;
				GENERATE_INFOPLIST_FILE = YES;
				IPHONEOS_DEPLOYMENT_TARGET = 18.0;
				MACOSX_DEPLOYMENT_TARGET = 15.0;
				MARKETING_VERSION = 1.0;
				PRODUCT_BUNDLE_IDENTIFIER = com.mirza.AgentDeskTests;
				PRODUCT_NAME = "$(TARGET_NAME)";
				SDKROOT = auto;
				STRING_CATALOG_GENERATE_SYMBOLS = NO;
				SUPPORTED_PLATFORMS = "iphoneos iphonesimulator macosx";
				SWIFT_APPROACHABLE_CONCURRENCY = YES;
				SWIFT_EMIT_LOC_STRINGS = NO;
				SWIFT_UPCOMING_FEATURE_MEMBER_IMPORT_VISIBILITY = YES;
				SWIFT_VERSION = 6.0;
				TARGETED_DEVICE_FAMILY = 1;
				TEST_HOST = "$(BUILT_PRODUCTS_DIR)/AgentDesk.app/$(BUNDLE_EXECUTABLE_FOLDER_PATH)/AgentDesk";
			};
			name = Debug;
		};
		C514A93C3051AAE2006A58EA /* Release */ = {
			isa = XCBuildConfiguration;
			buildSettings = {
				BUNDLE_LOADER = "$(TEST_HOST)";
				CODE_SIGN_STYLE = Automatic;
				CURRENT_PROJECT_VERSION = 1;
				DEVELOPMENT_TEAM = 3R9673A8NL;
				GENERATE_INFOPLIST_FILE = YES;
				IPHONEOS_DEPLOYMENT_TARGET = 18.0;
				MACOSX_DEPLOYMENT_TARGET = 15.0;
				MARKETING_VERSION = 1.0;
				PRODUCT_BUNDLE_IDENTIFIER = com.mirza.AgentDeskTests;
				PRODUCT_NAME = "$(TARGET_NAME)";
				SDKROOT = auto;
				STRING_CATALOG_GENERATE_SYMBOLS = NO;
				SUPPORTED_PLATFORMS = "iphoneos iphonesimulator macosx";
				SWIFT_APPROACHABLE_CONCURRENCY = YES;
				SWIFT_EMIT_LOC_STRINGS = NO;
				SWIFT_UPCOMING_FEATURE_MEMBER_IMPORT_VISIBILITY = YES;
				SWIFT_VERSION = 6.0;
				TARGETED_DEVICE_FAMILY = 1;
				TEST_HOST = "$(BUILT_PRODUCTS_DIR)/AgentDesk.app/$(BUNDLE_EXECUTABLE_FOLDER_PATH)/AgentDesk";
			};
			name = Release;
		};
		C514A93E3051AAE2006A58EA /* Debug */ = {
			isa = XCBuildConfiguration;
			buildSettings = {
				CODE_SIGN_STYLE = Automatic;
				CURRENT_PROJECT_VERSION = 1;
				DEVELOPMENT_TEAM = 3R9673A8NL;
				GENERATE_INFOPLIST_FILE = YES;
				IPHONEOS_DEPLOYMENT_TARGET = 18.0;
				MACOSX_DEPLOYMENT_TARGET = 15.0;
				MARKETING_VERSION = 1.0;
				PRODUCT_BUNDLE_IDENTIFIER = com.mirza.AgentDeskUITests;
				PRODUCT_NAME = "$(TARGET_NAME)";
				SDKROOT = auto;
				STRING_CATALOG_GENERATE_SYMBOLS = NO;
				SUPPORTED_PLATFORMS = "iphoneos iphonesimulator macosx";
				SWIFT_APPROACHABLE_CONCURRENCY = YES;
				SWIFT_EMIT_LOC_STRINGS = NO;
				SWIFT_UPCOMING_FEATURE_MEMBER_IMPORT_VISIBILITY = YES;
				SWIFT_VERSION = 6.0;
				TARGETED_DEVICE_FAMILY = 1;
				TEST_TARGET_NAME = AgentDesk;
			};
			name = Debug;
		};
		C514A93F3051AAE2006A58EA /* Release */ = {
			isa = XCBuildConfiguration;
			buildSettings = {
				CODE_SIGN_STYLE = Automatic;
				CURRENT_PROJECT_VERSION = 1;
				DEVELOPMENT_TEAM = 3R9673A8NL;
				GENERATE_INFOPLIST_FILE = YES;
				IPHONEOS_DEPLOYMENT_TARGET = 18.0;
				MACOSX_DEPLOYMENT_TARGET = 15.0;
				MARKETING_VERSION = 1.0;
				PRODUCT_BUNDLE_IDENTIFIER = com.mirza.AgentDeskUITests;
				PRODUCT_NAME = "$(TARGET_NAME)";
				SDKROOT = auto;
				STRING_CATALOG_GENERATE_SYMBOLS = NO;
				SUPPORTED_PLATFORMS = "iphoneos iphonesimulator macosx";
				SWIFT_APPROACHABLE_CONCURRENCY = YES;
				SWIFT_EMIT_LOC_STRINGS = NO;
				SWIFT_UPCOMING_FEATURE_MEMBER_IMPORT_VISIBILITY = YES;
				SWIFT_VERSION = 6.0;
				TARGETED_DEVICE_FAMILY = 1;
				TEST_TARGET_NAME = AgentDesk;
			};
			name = Release;
		};
/* End XCBuildConfiguration section */

/* Begin XCConfigurationList section */
		C514A9113051AAE0006A58EA /* Build configuration list for PBXProject "AgentDesk" */ = {
			isa = XCConfigurationList;
			buildConfigurations = (
				C514A9353051AAE2006A58EA /* Debug */,
				C514A9363051AAE2006A58EA /* Release */,
			);
			defaultConfigurationIsVisible = 0;
			defaultConfigurationName = Release;
		};
		C514A9373051AAE2006A58EA /* Build configuration list for PBXNativeTarget "AgentDesk" */ = {
			isa = XCConfigurationList;
			buildConfigurations = (
				C514A9383051AAE2006A58EA /* Debug */,
				C514A9393051AAE2006A58EA /* Release */,
			);
			defaultConfigurationIsVisible = 0;
			defaultConfigurationName = Release;
		};
		C514A93A3051AAE2006A58EA /* Build configuration list for PBXNativeTarget "AgentDeskTests" */ = {
			isa = XCConfigurationList;
			buildConfigurations = (
				C514A93B3051AAE2006A58EA /* Debug */,
				C514A93C3051AAE2006A58EA /* Release */,
			);
			defaultConfigurationIsVisible = 0;
			defaultConfigurationName = Release;
		};
		C514A93D3051AAE2006A58EA /* Build configuration list for PBXNativeTarget "AgentDeskUITests" */ = {
			isa = XCConfigurationList;
			buildConfigurations = (
				C514A93E3051AAE2006A58EA /* Debug */,
				C514A93F3051AAE2006A58EA /* Release */,
			);
			defaultConfigurationIsVisible = 0;
			defaultConfigurationName = Release;
		};
/* End XCConfigurationList section */

/* Begin XCLocalSwiftPackageReference section */
		AD0000000000000000000021 /* XCLocalSwiftPackageReference "Packages/AgentDeskCore" */ = {
			isa = XCLocalSwiftPackageReference;
			relativePath = Packages/AgentDeskCore;
		};
		AD0000000000000000000022 /* XCLocalSwiftPackageReference "Packages/AgentDeskDesign" */ = {
			isa = XCLocalSwiftPackageReference;
			relativePath = Packages/AgentDeskDesign;
		};
		AD0000000000000000000023 /* XCLocalSwiftPackageReference "Packages/AgentDeskPersistence" */ = {
			isa = XCLocalSwiftPackageReference;
			relativePath = Packages/AgentDeskPersistence;
		};
		AD0000000000000000000024 /* XCLocalSwiftPackageReference "Packages/AgentDeskSecurity" */ = {
			isa = XCLocalSwiftPackageReference;
			relativePath = Packages/AgentDeskSecurity;
		};
/* End XCLocalSwiftPackageReference section */

/* Begin XCSwiftPackageProductDependency section */
		AD0000000000000000000011 /* AgentDeskCore */ = {
			isa = XCSwiftPackageProductDependency;
			productName = AgentDeskCore;
		};
		AD0000000000000000000012 /* AgentDeskDesign */ = {
			isa = XCSwiftPackageProductDependency;
			productName = AgentDeskDesign;
		};
		AD0000000000000000000013 /* AgentDeskCore */ = {
			isa = XCSwiftPackageProductDependency;
			productName = AgentDeskCore;
		};
		AD0000000000000000000014 /* AgentDeskPersistence */ = {
			isa = XCSwiftPackageProductDependency;
			productName = AgentDeskPersistence;
		};
		AD0000000000000000000015 /* AgentDeskPersistence */ = {
			isa = XCSwiftPackageProductDependency;
			productName = AgentDeskPersistence;
		};
		AD0000000000000000000016 /* AgentDeskSecurity */ = {
			isa = XCSwiftPackageProductDependency;
			productName = AgentDeskSecurity;
		};
		AD0000000000000000000017 /* AgentDeskSecurity */ = {
			isa = XCSwiftPackageProductDependency;
			productName = AgentDeskSecurity;
		};
/* End XCSwiftPackageProductDependency section */
	};
	rootObject = C514A90E3051AAE0006A58EA /* Project object */;
}
